
Microsoft Visual Studio Solution File, Format Version 12.00
# Visual Studio Version 16
VisualStudioVersion = 16.0.29230.47
MinimumVisualStudioVersion = 10.0.40219.1
Project("{9A19103F-16F7-4668-BE54-9A1E7A4F7556}") = "NewsCrawler", "NewsCrawler\NewsCrawler.csproj", "{2AA6B961-5E10-41B6-AD9E-BBD1762C00BF}"
EndProject
Project("{9A19103F-16F7-4668-BE54-9A1E7A4F7556}") = "NewsCrawler.Persistence", "NewsCrawler.Persistence\NewsCrawler.Persistence.csproj", "{1EAAB314-4EA8-4EDC-8689-AD4EDB20BCCC}"
EndProject
Project("{2150E333-8FDC-42A3-9474-1A3956D46DE8}") = "Solution Items", "Solution Items", "{D6A35BF2-B950-4783-AA9B-5F585C62B33C}"
	ProjectSection(SolutionItems) = preProject
		build.cake = build.cake
		cake.sh = cake.sh
		docker-run-news-crawler-build-image.jdp = docker-run-news-crawler-build-image.jdp
		docker-run-news-crawler-web-ui.jdp = docker-run-news-crawler-web-ui.jdp
		docker-run-news-crawler.jdp = docker-run-news-crawler.jdp
		dockerfile = dockerfile
		dotnet-install.sh = dotnet-install.sh
		readme.md = readme.md
		webui-dockerfile = webui-dockerfile
	EndProjectSection
EndProject
Project("{9A19103F-16F7-4668-BE54-9A1E7A4F7556}") = "NewsCrawler.Tests", "NewsCrawler.Tests\NewsCrawler.Tests.csproj", "{16A79867-3BEE-4321-BAD0-895184B495AA}"
EndProject
Project("{9A19103F-16F7-4668-BE54-9A1E7A4F7556}") = "NewsCrawler.WebUI", "NewsCrawler.WebUI\NewsCrawler.WebUI.csproj", "{3B2D834B-DF3B-4A46-8A43-62FD88284722}"
EndProject
Project("{2150E333-8FDC-42A3-9474-1A3956D46DE8}") = "Docker", "Docker", "{C68B15A7-4DE4-4FEC-8BA0-D37B646A2DF3}"
EndProject
Project("{2150E333-8FDC-42A3-9474-1A3956D46DE8}") = "Crawler", "Crawler", "{6EEA079F-2F36-4A2D-B778-CF1B309B3B72}"
	ProjectSection(SolutionItems) = preProject
		Docker\Crawler\appsettings.json = Docker\Crawler\appsettings.json
	EndProjectSection
EndProject
Project("{9A19103F-16F7-4668-BE54-9A1E7A4F7556}") = "DocumentScanner.Integration", "DocumentScanner.Integration\DocumentScanner.Integration.csproj", "{8B15EE23-9221-4A83-A460-952D37E58B91}"
EndProject
Project("{9A19103F-16F7-4668-BE54-9A1E7A4F7556}") = "NewsCrawler.Persistence.Postgres", "NewsCrawler.Persistence.Postgres\NewsCrawler.Persistence.Postgres.csproj", "{C0A78409-A544-446D-BD42-426B37B81758}"
EndProject
Project("{9A19103F-16F7-4668-BE54-9A1E7A4F7556}") = "NewsCrawler.Migrator", "NewsCrawler.Migrator\NewsCrawler.Migrator.csproj", "{D3983BD3-BAD9-4D28-AF4E-0A01D6902920}"
EndProject
Global
	GlobalSection(SolutionConfigurationPlatforms) = preSolution
		Debug|Any CPU = Debug|Any CPU
		Release|Any CPU = Release|Any CPU
	EndGlobalSection
	GlobalSection(ProjectConfigurationPlatforms) = postSolution
		{2AA6B961-5E10-41B6-AD9E-BBD1762C00BF}.Debug|Any CPU.ActiveCfg = Debug|Any CPU
		{2AA6B961-5E10-41B6-AD9E-BBD1762C00BF}.Debug|Any CPU.Build.0 = Debug|Any CPU
		{2AA6B961-5E10-41B6-AD9E-BBD1762C00BF}.Release|Any CPU.ActiveCfg = Release|Any CPU
		{2AA6B961-5E10-41B6-AD9E-BBD1762C00BF}.Release|Any CPU.Build.0 = Release|Any CPU
		{1EAAB314-4EA8-4EDC-8689-AD4EDB20BCCC}.Debug|Any CPU.ActiveCfg = Debug|Any CPU
		{1EAAB314-4EA8-4EDC-8689-AD4EDB20BCCC}.Debug|Any CPU.Build.0 = Debug|Any CPU
		{1EAAB314-4EA8-4EDC-8689-AD4EDB20BCCC}.Release|Any CPU.ActiveCfg = Release|Any CPU
		{1EAAB314-4EA8-4EDC-8689-AD4EDB20BCCC}.Release|Any CPU.Build.0 = Release|Any CPU
		{16A79867-3BEE-4321-BAD0-895184B495AA}.Debug|Any CPU.ActiveCfg = Debug|Any CPU
		{16A79867-3BEE-4321-BAD0-895184B495AA}.Debug|Any CPU.Build.0 = Debug|Any CPU
		{16A79867-3BEE-4321-BAD0-895184B495AA}.Release|Any CPU.ActiveCfg = Release|Any CPU
		{16A79867-3BEE-4321-BAD0-895184B495AA}.Release|Any CPU.Build.0 = Release|Any CPU
		{3B2D834B-DF3B-4A46-8A43-62FD88284722}.Debug|Any CPU.ActiveCfg = Debug|Any CPU
		{3B2D834B-DF3B-4A46-8A43-62FD88284722}.Debug|Any CPU.Build.0 = Debug|Any CPU
		{3B2D834B-DF3B-4A46-8A43-62FD88284722}.Release|Any CPU.ActiveCfg = Release|Any CPU
		{3B2D834B-DF3B-4A46-8A43-62FD88284722}.Release|Any CPU.Build.0 = Release|Any CPU
		{8B15EE23-9221-4A83-A460-952D37E58B91}.Debug|Any CPU.ActiveCfg = Debug|Any CPU
		{8B15EE23-9221-4A83-A460-952D37E58B91}.Debug|Any CPU.Build.0 = Debug|Any CPU
		{8B15EE23-9221-4A83-A460-952D37E58B91}.Release|Any CPU.ActiveCfg = Release|Any CPU
		{8B15EE23-9221-4A83-A460-952D37E58B91}.Release|Any CPU.Build.0 = Release|Any CPU
		{C0A78409-A544-446D-BD42-426B37B81758}.Debug|Any CPU.ActiveCfg = Debug|Any CPU
		{C0A78409-A544-446D-BD42-426B37B81758}.Debug|Any CPU.Build.0 = Debug|Any CPU
		{C0A78409-A544-446D-BD42-426B37B81758}.Release|Any CPU.ActiveCfg = Release|Any CPU
		{C0A78409-A544-446D-BD42-426B37B81758}.Release|Any CPU.Build.0 = Release|Any CPU
		{D3983BD3-BAD9-4D28-AF4E-0A01D6902920}.Debug|Any CPU.ActiveCfg = Debug|Any CPU
		{D3983BD3-BAD9-4D28-AF4E-0A01D6902920}.Debug|Any CPU.Build.0 = Debug|Any CPU
		{D3983BD3-BAD9-4D28-AF4E-0A01D6902920}.Release|Any CPU.ActiveCfg = Release|Any CPU
		{D3983BD3-BAD9-4D28-AF4E-0A01D6902920}.Release|Any CPU.Build.0 = Release|Any CPU
	EndGlobalSection
	GlobalSection(SolutionProperties) = preSolution
		HideSolutionNode = FALSE
	EndGlobalSection
	GlobalSection(NestedProjects) = preSolution
		{6EEA079F-2F36-4A2D-B778-CF1B309B3B72} = {C68B15A7-4DE4-4FEC-8BA0-D37B646A2DF3}
	EndGlobalSection
	GlobalSection(ExtensibilityGlobals) = postSolution
		SolutionGuid = {BD02A4B5-3B4C-479D-9136-5E55E7E54913}
	EndGlobalSection
EndGlobal
