
Microsoft Visual Studio Solution File, Format Version 12.00
# Visual Studio 15
VisualStudioVersion = 15.0.28307.168
MinimumVisualStudioVersion = 10.0.40219.1
Project("{FAE04EC0-301F-11D3-BF4B-00C04F79EFBC}") = "NewsCrawler", "NewsCrawler\NewsCrawler.csproj", "{2AA6B961-5E10-41B6-AD9E-BBD1762C00BF}"
EndProject
Project("{FAE04EC0-301F-11D3-BF4B-00C04F79EFBC}") = "NewsCrawler.Persistence", "NewsCrawler.Persistence\NewsCrawler.Persistence.csproj", "{1EAAB314-4EA8-4EDC-8689-AD4EDB20BCCC}"
EndProject
Project("{2150E333-8FDC-42A3-9474-1A3956D46DE8}") = "Solution Items", "Solution Items", "{D6A35BF2-B950-4783-AA9B-5F585C62B33C}"
	ProjectSection(SolutionItems) = preProject
		readme.md = readme.md
	EndProjectSection
EndProject
Project("{FAE04EC0-301F-11D3-BF4B-00C04F79EFBC}") = "NewsCrawler.Tests", "NewsCrawler.Tests\NewsCrawler.Tests.csproj", "{16A79867-3BEE-4321-BAD0-895184B495AA}"
EndProject
Global
	GlobalSection(SolutionConfigurationPlatforms) = preSolution
		Debug|Any CPU = Debug|Any CPU
		Release|Any CPU = Release|Any CPU
	EndGlobalSection
	GlobalSection(ProjectConfigurationPlatforms) = postSolution
		{2AA6B961-5E10-41B6-AD9E-BBD1762C00BF}.Debug|Any CPU.ActiveCfg = Debug|Any CPU
		{2AA6B961-5E10-41B6-AD9E-BBD1762C00BF}.Debug|Any CPU.Build.0 = Debug|Any CPU
		{2AA6B961-5E10-41B6-AD9E-BBD1762C00BF}.Release|Any CPU.ActiveCfg = Release|Any CPU
		{2AA6B961-5E10-41B6-AD9E-BBD1762C00BF}.Release|Any CPU.Build.0 = Release|Any CPU
		{1EAAB314-4EA8-4EDC-8689-AD4EDB20BCCC}.Debug|Any CPU.ActiveCfg = Debug|Any CPU
		{1EAAB314-4EA8-4EDC-8689-AD4EDB20BCCC}.Debug|Any CPU.Build.0 = Debug|Any CPU
		{1EAAB314-4EA8-4EDC-8689-AD4EDB20BCCC}.Release|Any CPU.ActiveCfg = Release|Any CPU
		{1EAAB314-4EA8-4EDC-8689-AD4EDB20BCCC}.Release|Any CPU.Build.0 = Release|Any CPU
		{16A79867-3BEE-4321-BAD0-895184B495AA}.Debug|Any CPU.ActiveCfg = Debug|Any CPU
		{16A79867-3BEE-4321-BAD0-895184B495AA}.Debug|Any CPU.Build.0 = Debug|Any CPU
		{16A79867-3BEE-4321-BAD0-895184B495AA}.Release|Any CPU.ActiveCfg = Release|Any CPU
		{16A79867-3BEE-4321-BAD0-895184B495AA}.Release|Any CPU.Build.0 = Release|Any CPU
	EndGlobalSection
	GlobalSection(SolutionProperties) = preSolution
		HideSolutionNode = FALSE
	EndGlobalSection
	GlobalSection(ExtensibilityGlobals) = postSolution
		SolutionGuid = {BD02A4B5-3B4C-479D-9136-5E55E7E54913}
	EndGlobalSection
EndGlobal
